// !$*UTF8*$!
{
	archiveVersion = 1;
	classes = {
	};
	objectVersion = 56;
	objects = {

/* Begin PBXBuildFile section */
		880E2CBD2BF33B59001A27BD /* Book.swift in Sources */ = {isa = PBXBuildFile; fileRef = 880E2CBC2BF33B59001A27BD /* Book.swift */; };
		88C6E0C32BF2FE98003E74B4 /* AppDelegate.swift in Sources */ = {isa = PBXBuildFile; fileRef = 88C6E0C22BF2FE98003E74B4 /* AppDelegate.swift */; };
		88C6E0C52BF2FE98003E74B4 /* SceneDelegate.swift in Sources */ = {isa = PBXBuildFile; fileRef = 88C6E0C42BF2FE98003E74B4 /* SceneDelegate.swift */; };
		88C6E0C72BF2FE98003E74B4 /* ViewController.swift in Sources */ = {isa = PBXBuildFile; fileRef = 88C6E0C62BF2FE98003E74B4 /* ViewController.swift */; };
		88C6E0CA2BF2FE98003E74B4 /* Base in Resources */ = {isa = PBXBuildFile; fileRef = 88C6E0C92BF2FE98003E74B4 /* Base */; };
		88C6E0CD2BF2FE98003E74B4 /* LinguaReading.xcdatamodeld in Sources */ = {isa = PBXBuildFile; fileRef = 88C6E0CB2BF2FE98003E74B4 /* LinguaReading.xcdatamodeld */; };
		88C6E0CF2BF2FE99003E74B4 /* Assets.xcassets in Resources */ = {isa = PBXBuildFile; fileRef = 88C6E0CE2BF2FE99003E74B4 /* Assets.xcassets */; };
		88C6E0D22BF2FE99003E74B4 /* Base in Resources */ = {isa = PBXBuildFile; fileRef = 88C6E0D12BF2FE99003E74B4 /* Base */; };
/* End PBXBuildFile section */

/* Begin PBXFileReference section */
		880E2CBC2BF33B59001A27BD /* Book.swift */ = {isa = PBXFileReference; lastKnownFileType = sourcecode.swift; path = Book.swift; sourceTree = "<group>"; };
		88C6E0BF2BF2FE98003E74B4 /* LinguaReading.app */ = {isa = PBXFileReference; explicitFileType = wrapper.application; includeInIndex = 0; path = LinguaReading.app; sourceTree = BUILT_PRODUCTS_DIR; };
		88C6E0C22BF2FE98003E74B4 /* AppDelegate.swift */ = {isa = PBXFileReference; lastKnownFileType = sourcecode.swift; path = AppDelegate.swift; sourceTree = "<group>"; };
		88C6E0C42BF2FE98003E74B4 /* SceneDelegate.swift */ = {isa = PBXFileReference; lastKnownFileType = sourcecode.swift; path = SceneDelegate.swift; sourceTree = "<group>"; };
		88C6E0C62BF2FE98003E74B4 /* ViewController.swift */ = {isa = PBXFileReference; lastKnownFileType = sourcecode.swift; path = ViewController.swift; sourceTree = "<group>"; };
		88C6E0C92BF2FE98003E74B4 /* Base */ = {isa = PBXFileReference; lastKnownFileType = file.storyboard; name = Base; path = Base.lproj/Main.storyboard; sourceTree = "<group>"; };
		88C6E0CC2BF2FE98003E74B4 /* LinguaReading.xcdatamodel */ = {isa = PBXFileReference; lastKnownFileType = wrapper.xcdatamodel; path = LinguaReading.xcdatamodel; sourceTree = "<group>"; };
		88C6E0CE2BF2FE99003E74B4 /* Assets.xcassets */ = {isa = PBXFileReference; lastKnownFileType = folder.assetcatalog; path = Assets.xcassets; sourceTree = "<group>"; };
		88C6E0D12BF2FE99003E74B4 /* Base */ = {isa = PBXFileReference; lastKnownFileType = file.storyboard; name = Base; path = Base.lproj/LaunchScreen.storyboard; sourceTree = "<group>"; };
		88C6E0D32BF2FE99003E74B4 /* Info.plist */ = {isa = PBXFileReference; lastKnownFileType = text.plist.xml; path = Info.plist; sourceTree = "<group>"; };
/* End PBXFileReference section */

/* Begin PBXFrameworksBuildPhase section */
		88C6E0BC2BF2FE98003E74B4 /* Frameworks */ = {
			isa = PBXFrameworksBuildPhase;
			buildActionMask = 2147483647;
			files = (
			);
			runOnlyForDeploymentPostprocessing = 0;
		};
/* End PBXFrameworksBuildPhase section */

/* Begin PBXGroup section */
		880E2CB82BF338B0001A27BD /* Models */ = {
			isa = PBXGroup;
			children = (
				880E2CBC2BF33B59001A27BD /* Book.swift */,
			);
			path = Models;
			sourceTree = "<group>";
		};
		880E2CB92BF338DB001A27BD /* Storyboards */ = {
			isa = PBXGroup;
			children = (
				88C6E0C82BF2FE98003E74B4 /* Main.storyboard */,
				88C6E0D02BF2FE99003E74B4 /* LaunchScreen.storyboard */,
			);
			path = Storyboards;
			sourceTree = "<group>";
		};
		880E2CBA2BF338F1001A27BD /* ViewControllers */ = {
			isa = PBXGroup;
			children = (
				88C6E0C62BF2FE98003E74B4 /* ViewController.swift */,
			);
			path = ViewControllers;
			sourceTree = "<group>";
		};
		880E2CBB2BF33AF1001A27BD /* App */ = {
			isa = PBXGroup;
			children = (
				88C6E0C22BF2FE98003E74B4 /* AppDelegate.swift */,
				88C6E0C42BF2FE98003E74B4 /* SceneDelegate.swift */,
				88C6E0D32BF2FE99003E74B4 /* Info.plist */,
			);
			path = App;
			sourceTree = "<group>";
		};
		88C6E0B62BF2FE98003E74B4 = {
			isa = PBXGroup;
			children = (
				88C6E0C12BF2FE98003E74B4 /* LinguaReading */,
				88C6E0CB2BF2FE98003E74B4 /* LinguaReading.xcdatamodeld */,
				88C6E0CE2BF2FE99003E74B4 /* Assets.xcassets */,
				88C6E0C02BF2FE98003E74B4 /* Products */,
			);
			sourceTree = "<group>";
		};
		88C6E0C02BF2FE98003E74B4 /* Products */ = {
			isa = PBXGroup;
			children = (
				88C6E0BF2BF2FE98003E74B4 /* LinguaReading.app */,
			);
			name = Products;
			sourceTree = "<group>";
		};
		88C6E0C12BF2FE98003E74B4 /* LinguaReading */ = {
			isa = PBXGroup;
			children = (
				880E2CBA2BF338F1001A27BD /* ViewControllers */,
				880E2CB82BF338B0001A27BD /* Models */,
				880E2CB92BF338DB001A27BD /* Storyboards */,
				880E2CBB2BF33AF1001A27BD /* App */,
			);
			path = LinguaReading;
			sourceTree = "<group>";
		};
/* End PBXGroup section */

/* Begin PBXNativeTarget section */
		88C6E0BE2BF2FE98003E74B4 /* LinguaReading */ = {
			isa = PBXNativeTarget;
			buildConfigurationList = 88C6E0D62BF2FE99003E74B4 /* Build configuration list for PBXNativeTarget "LinguaReading" */;
			buildPhases = (
				88C6E0BB2BF2FE98003E74B4 /* Sources */,
				88C6E0BC2BF2FE98003E74B4 /* Frameworks */,
				88C6E0BD2BF2FE98003E74B4 /* Resources */,
			);
			buildRules = (
			);
			dependencies = (
			);
			name = LinguaReading;
			productName = LinguaReading;
			productReference = 88C6E0BF2BF2FE98003E74B4 /* LinguaReading.app */;
			productType = "com.apple.product-type.application";
		};
/* End PBXNativeTarget section */

/* Begin PBXProject section */
		88C6E0B72BF2FE98003E74B4 /* Project object */ = {
			isa = PBXProject;
			attributes = {
				BuildIndependentTargetsInParallel = 1;
				LastSwiftUpdateCheck = 1530;
				LastUpgradeCheck = 1530;
				TargetAttributes = {
					88C6E0BE2BF2FE98003E74B4 = {
						CreatedOnToolsVersion = 15.3;
					};
				};
			};
			buildConfigurationList = 88C6E0BA2BF2FE98003E74B4 /* Build configuration list for PBXProject "LinguaReading" */;
			compatibilityVersion = "Xcode 14.0";
			developmentRegion = en;
			hasScannedForEncodings = 0;
			knownRegions = (
				en,
				Base,
			);
			mainGroup = 88C6E0B62BF2FE98003E74B4;
			productRefGroup = 88C6E0C02BF2FE98003E74B4 /* Products */;
			projectDirPath = "";
			projectRoot = "";
			targets = (
				88C6E0BE2BF2FE98003E74B4 /* LinguaReading */,
			);
		};
/* End PBXProject section */

/* Begin PBXResourcesBuildPhase section */
		88C6E0BD2BF2FE98003E74B4 /* Resources */ = {
			isa = PBXResourcesBuildPhase;
			buildActionMask = 2147483647;
			files = (
				88C6E0CF2BF2FE99003E74B4 /* Assets.xcassets in Resources */,
				88C6E0D22BF2FE99003E74B4 /* Base in Resources */,
				88C6E0CA2BF2FE98003E74B4 /* Base in Resources */,
			);
			runOnlyForDeploymentPostprocessing = 0;
		};
/* End PBXResourcesBuildPhase section */

/* Begin PBXSourcesBuildPhase section */
		88C6E0BB2BF2FE98003E74B4 /* Sources */ = {
			isa = PBXSourcesBuildPhase;
			buildActionMask = 2147483647;
			files = (
				88C6E0CD2BF2FE98003E74B4 /* LinguaReading.xcdatamodeld in Sources */,
				880E2CBD2BF33B59001A27BD /* Book.swift in Sources */,
				88C6E0C72BF2FE98003E74B4 /* ViewController.swift in Sources */,
				88C6E0C32BF2FE98003E74B4 /* AppDelegate.swift in Sources */,
				88C6E0C52BF2FE98003E74B4 /* SceneDelegate.swift in Sources */,
			);
			runOnlyForDeploymentPostprocessing = 0;
		};
/* End PBXSourcesBuildPhase section */

/* Begin PBXVariantGroup section */
		88C6E0C82BF2FE98003E74B4 /* Main.storyboard */ = {
			isa = PBXVariantGroup;
			children = (
				88C6E0C92BF2FE98003E74B4 /* Base */,
			);
			name = Main.storyboard;
			sourceTree = "<group>";
		};
		88C6E0D02BF2FE99003E74B4 /* LaunchScreen.storyboard */ = {
			isa = PBXVariantGroup;
			children = (
				88C6E0D12BF2FE99003E74B4 /* Base */,
			);
			name = LaunchScreen.storyboard;
			sourceTree = "<group>";
		};
/* End PBXVariantGroup section */

/* Begin XCBuildConfiguration section */
		88C6E0D42BF2FE99003E74B4 /* Debug */ = {
			isa = XCBuildConfiguration;
			buildSettings = {
				ALWAYS_SEARCH_USER_PATHS = NO;
				ASSETCATALOG_COMPILER_GENERATE_SWIFT_ASSET_SYMBOL_EXTENSIONS = YES;
				CLANG_ANALYZER_NONNULL = YES;
				CLANG_ANALYZER_NUMBER_OBJECT_CONVERSION = YES_AGGRESSIVE;
				CLANG_CXX_LANGUAGE_STANDARD = "gnu++20";
				CLANG_ENABLE_MODULES = YES;
				CLANG_ENABLE_OBJC_ARC = YES;
				CLANG_ENABLE_OBJC_WEAK = YES;
				CLANG_WARN_BLOCK_CAPTURE_AUTORELEASING = YES;
				CLANG_WARN_BOOL_CONVERSION = YES;
				CLANG_WARN_COMMA = YES;
				CLANG_WARN_CONSTANT_CONVERSION = YES;
				CLANG_WARN_DEPRECATED_OBJC_IMPLEMENTATIONS = YES;
				CLANG_WARN_DIRECT_OBJC_ISA_USAGE = YES_ERROR;
				CLANG_WARN_DOCUMENTATION_COMMENTS = YES;
				CLANG_WARN_EMPTY_BODY = YES;
				CLANG_WARN_ENUM_CONVERSION = YES;
				CLANG_WARN_INFINITE_RECURSION = YES;
				CLANG_WARN_INT_CONVERSION = YES;
				CLANG_WARN_NON_LITERAL_NULL_CONVERSION = YES;
				CLANG_WARN_OBJC_IMPLICIT_RETAIN_SELF = YES;
				CLANG_WARN_OBJC_LITERAL_CONVERSION = YES;
				CLANG_WARN_OBJC_ROOT_CLASS = YES_ERROR;
				CLANG_WARN_QUOTED_INCLUDE_IN_FRAMEWORK_HEADER = YES;
				CLANG_WARN_RANGE_LOOP_ANALYSIS = YES;
				CLANG_WARN_STRICT_PROTOTYPES = YES;
				CLANG_WARN_SUSPICIOUS_MOVE = YES;
				CLANG_WARN_UNGUARDED_AVAILABILITY = YES_AGGRESSIVE;
				CLANG_WARN_UNREACHABLE_CODE = YES;
				CLANG_WARN__DUPLICATE_METHOD_MATCH = YES;
				COPY_PHASE_STRIP = NO;
				DEBUG_INFORMATION_FORMAT = dwarf;
				ENABLE_STRICT_OBJC_MSGSEND = YES;
				ENABLE_TESTABILITY = YES;
				ENABLE_USER_SCRIPT_SANDBOXING = YES;
				GCC_C_LANGUAGE_STANDARD = gnu17;
				GCC_DYNAMIC_NO_PIC = NO;
				GCC_NO_COMMON_BLOCKS = YES;
				GCC_OPTIMIZATION_LEVEL = 0;
				GCC_PREPROCESSOR_DEFINITIONS = (
					"DEBUG=1",
					"$(inherited)",
				);
				GCC_WARN_64_TO_32_BIT_CONVERSION = YES;
				GCC_WARN_ABOUT_RETURN_TYPE = YES_ERROR;
				GCC_WARN_UNDECLARED_SELECTOR = YES;
				GCC_WARN_UNINITIALIZED_AUTOS = YES_AGGRESSIVE;
				GCC_WARN_UNUSED_FUNCTION = YES;
				GCC_WARN_UNUSED_VARIABLE = YES;
				IPHONEOS_DEPLOYMENT_TARGET = 17.4;
				LOCALIZATION_PREFERS_STRING_CATALOGS = YES;
				MTL_ENABLE_DEBUG_INFO = INCLUDE_SOURCE;
				MTL_FAST_MATH = YES;
				ONLY_ACTIVE_ARCH = YES;
				SDKROOT = iphoneos;
				SWIFT_ACTIVE_COMPILATION_CONDITIONS = "DEBUG $(inherited)";
				SWIFT_OPTIMIZATION_LEVEL = "-Onone";
			};
			name = Debug;
		};
		88C6E0D52BF2FE99003E74B4 /* Release */ = {
			isa = XCBuildConfiguration;
			buildSettings = {
				ALWAYS_SEARCH_USER_PATHS = NO;
				ASSETCATALOG_COMPILER_GENERATE_SWIFT_ASSET_SYMBOL_EXTENSIONS = YES;
				CLANG_ANALYZER_NONNULL = YES;
				CLANG_ANALYZER_NUMBER_OBJECT_CONVERSION = YES_AGGRESSIVE;
				CLANG_CXX_LANGUAGE_STANDARD = "gnu++20";
				CLANG_ENABLE_MODULES = YES;
				CLANG_ENABLE_OBJC_ARC = YES;
				CLANG_ENABLE_OBJC_WEAK = YES;
				CLANG_WARN_BLOCK_CAPTURE_AUTORELEASING = YES;
				CLANG_WARN_BOOL_CONVERSION = YES;
				CLANG_WARN_COMMA = YES;
				CLANG_WARN_CONSTANT_CONVERSION = YES;
				CLANG_WARN_DEPRECATED_OBJC_IMPLEMENTATIONS = YES;
				CLANG_WARN_DIRECT_OBJC_ISA_USAGE = YES_ERROR;
				CLANG_WARN_DOCUMENTATION_COMMENTS = YES;
				CLANG_WARN_EMPTY_BODY = YES;
				CLANG_WARN_ENUM_CONVERSION = YES;
				CLANG_WARN_INFINITE_RECURSION = YES;
				CLANG_WARN_INT_CONVERSION = YES;
				CLANG_WARN_NON_LITERAL_NULL_CONVERSION = YES;
				CLANG_WARN_OBJC_IMPLICIT_RETAIN_SELF = YES;
				CLANG_WARN_OBJC_LITERAL_CONVERSION = YES;
				CLANG_WARN_OBJC_ROOT_CLASS = YES_ERROR;
				CLANG_WARN_QUOTED_INCLUDE_IN_FRAMEWORK_HEADER = YES;
				CLANG_WARN_RANGE_LOOP_ANALYSIS = YES;
				CLANG_WARN_STRICT_PROTOTYPES = YES;
				CLANG_WARN_SUSPICIOUS_MOVE = YES;
				CLANG_WARN_UNGUARDED_AVAILABILITY = YES_AGGRESSIVE;
				CLANG_WARN_UNREACHABLE_CODE = YES;
				CLANG_WARN__DUPLICATE_METHOD_MATCH = YES;
				COPY_PHASE_STRIP = NO;
				DEBUG_INFORMATION_FORMAT = "dwarf-with-dsym";
				ENABLE_NS_ASSERTIONS = NO;
				ENABLE_STRICT_OBJC_MSGSEND = YES;
				ENABLE_USER_SCRIPT_SANDBOXING = YES;
				GCC_C_LANGUAGE_STANDARD = gnu17;
				GCC_NO_COMMON_BLOCKS = YES;
				GCC_WARN_64_TO_32_BIT_CONVERSION = YES;
				GCC_WARN_ABOUT_RETURN_TYPE = YES_ERROR;
				GCC_WARN_UNDECLARED_SELECTOR = YES;
				GCC_WARN_UNINITIALIZED_AUTOS = YES_AGGRESSIVE;
				GCC_WARN_UNUSED_FUNCTION = YES;
				GCC_WARN_UNUSED_VARIABLE = YES;
				IPHONEOS_DEPLOYMENT_TARGET = 17.4;
				LOCALIZATION_PREFERS_STRING_CATALOGS = YES;
				MTL_ENABLE_DEBUG_INFO = NO;
				MTL_FAST_MATH = YES;
				SDKROOT = iphoneos;
				SWIFT_COMPILATION_MODE = wholemodule;
				VALIDATE_PRODUCT = YES;
			};
			name = Release;
		};
		88C6E0D72BF2FE99003E74B4 /* Debug */ = {
			isa = XCBuildConfiguration;
			buildSettings = {
				ASSETCATALOG_COMPILER_APPICON_NAME = AppIcon;
				ASSETCATALOG_COMPILER_GLOBAL_ACCENT_COLOR_NAME = AccentColor;
				CODE_SIGN_STYLE = Automatic;
				CURRENT_PROJECT_VERSION = 1;
				DEVELOPMENT_TEAM = LZP4UC5RAY;
				GENERATE_INFOPLIST_FILE = YES;
				INFOPLIST_FILE = LinguaReading/Info.plist;
				INFOPLIST_KEY_UIApplicationSupportsIndirectInputEvents = YES;
				INFOPLIST_KEY_UILaunchStoryboardName = LaunchScreen;
				INFOPLIST_KEY_UIMainStoryboardFile = Main;
				INFOPLIST_KEY_UISupportedInterfaceOrientations = UIInterfaceOrientationPortrait;
				INFOPLIST_KEY_UISupportedInterfaceOrientations_iPad = "UIInterfaceOrientationLandscapeLeft UIInterfaceOrientationLandscapeRight UIInterfaceOrientationPortrait UIInterfaceOrientationPortraitUpsideDown";
				LD_RUNPATH_SEARCH_PATHS = (
					"$(inherited)",
					"@executable_path/Frameworks",
				);
				MARKETING_VERSION = 1.0;
				PRODUCT_BUNDLE_IDENTIFIER = IM.LinguaReading;
				PRODUCT_NAME = "$(TARGET_NAME)";
				SUPPORTED_PLATFORMS = "iphoneos iphonesimulator";
				SUPPORTS_MACCATALYST = NO;
				SUPPORTS_MAC_DESIGNED_FOR_IPHONE_IPAD = NO;
				SUPPORTS_XR_DESIGNED_FOR_IPHONE_IPAD = NO;
				SWIFT_EMIT_LOC_STRINGS = YES;
				SWIFT_VERSION = 5.0;
				TARGETED_DEVICE_FAMILY = 1;
			};
			name = Debug;
		};
		88C6E0D82BF2FE99003E74B4 /* Release */ = {
			isa = XCBuildConfiguration;
			buildSettings = {
				ASSETCATALOG_COMPILER_APPICON_NAME = AppIcon;
				ASSETCATALOG_COMPILER_GLOBAL_ACCENT_COLOR_NAME = AccentColor;
				CODE_SIGN_STYLE = Automatic;
				CURRENT_PROJECT_VERSION = 1;
				DEVELOPMENT_TEAM = LZP4UC5RAY;
				GENERATE_INFOPLIST_FILE = YES;
				INFOPLIST_FILE = LinguaReading/Info.plist;
				INFOPLIST_KEY_UIApplicationSupportsIndirectInputEvents = YES;
				INFOPLIST_KEY_UILaunchStoryboardName = LaunchScreen;
				INFOPLIST_KEY_UIMainStoryboardFile = Main;
				INFOPLIST_KEY_UISupportedInterfaceOrientations = UIInterfaceOrientationPortrait;
				INFOPLIST_KEY_UISupportedInterfaceOrientations_iPad = "UIInterfaceOrientationLandscapeLeft UIInterfaceOrientationLandscapeRight UIInterfaceOrientationPortrait UIInterfaceOrientationPortraitUpsideDown";
				LD_RUNPATH_SEARCH_PATHS = (
					"$(inherited)",
					"@executable_path/Frameworks",
				);
				MARKETING_VERSION = 1.0;
				PRODUCT_BUNDLE_IDENTIFIER = IM.LinguaReading;
				PRODUCT_NAME = "$(TARGET_NAME)";
				SUPPORTED_PLATFORMS = "iphoneos iphonesimulator";
				SUPPORTS_MACCATALYST = NO;
				SUPPORTS_MAC_DESIGNED_FOR_IPHONE_IPAD = NO;
				SUPPORTS_XR_DESIGNED_FOR_IPHONE_IPAD = NO;
				SWIFT_EMIT_LOC_STRINGS = YES;
				SWIFT_VERSION = 5.0;
				TARGETED_DEVICE_FAMILY = 1;
			};
			name = Release;
		};
/* End XCBuildConfiguration section */

/* Begin XCConfigurationList section */
		88C6E0BA2BF2FE98003E74B4 /* Build configuration list for PBXProject "LinguaReading" */ = {
			isa = XCConfigurationList;
			buildConfigurations = (
				88C6E0D42BF2FE99003E74B4 /* Debug */,
				88C6E0D52BF2FE99003E74B4 /* Release */,
			);
			defaultConfigurationIsVisible = 0;
			defaultConfigurationName = Release;
		};
		88C6E0D62BF2FE99003E74B4 /* Build configuration list for PBXNativeTarget "LinguaReading" */ = {
			isa = XCConfigurationList;
			buildConfigurations = (
				88C6E0D72BF2FE99003E74B4 /* Debug */,
				88C6E0D82BF2FE99003E74B4 /* Release */,
			);
			defaultConfigurationIsVisible = 0;
			defaultConfigurationName = Release;
		};
/* End XCConfigurationList section */

/* Begin XCVersionGroup section */
		88C6E0CB2BF2FE98003E74B4 /* LinguaReading.xcdatamodeld */ = {
			isa = XCVersionGroup;
			children = (
				88C6E0CC2BF2FE98003E74B4 /* LinguaReading.xcdatamodel */,
			);
			currentVersion = 88C6E0CC2BF2FE98003E74B4 /* LinguaReading.xcdatamodel */;
			path = LinguaReading.xcdatamodeld;
			sourceTree = "<group>";
			versionGroupType = wrapper.xcdatamodel;
		};
/* End XCVersionGroup section */
	};
	rootObject = 88C6E0B72BF2FE98003E74B4 /* Project object */;
}
